
Microsoft Visual Studio Solution File, Format Version 12.00
# Visual Studio Version 17
VisualStudioVersion = 17.9.34728.123
MinimumVisualStudioVersion = 10.0.40219.1
Project("{FAE04EC0-301F-11D3-BF4B-00C04F79EFBC}") = "RobotControl", "RobotControl\RobotControl.csproj", "{76C1DE22-CA1C-4E77-8DD5-19FB58BA0ED1}"
EndProject
Project("{2150E333-8FDC-42A3-9474-1A3956D46DE8}") = "解决方案项", "解决方案项", "{C2A3AC4F-339D-46C3-A074-3F43F1C6FACC}"
EndProject
Global
	GlobalSection(SolutionConfigurationPlatforms) = preSolution
		Debug|Any CPU = Debug|Any CPU
		Debug|x64 = Debug|x64
		Release|Any CPU = Release|Any CPU
		Release|x64 = Release|x64
	EndGlobalSection
	GlobalSection(ProjectConfigurationPlatforms) = postSolution
		{76C1DE22-CA1C-4E77-8DD5-19FB58BA0ED1}.Debug|Any CPU.ActiveCfg = Debug|Any CPU
		{76C1DE22-CA1C-4E77-8DD5-19FB58BA0ED1}.Debug|Any CPU.Build.0 = Debug|Any CPU
		{76C1DE22-CA1C-4E77-8DD5-19FB58BA0ED1}.Debug|x64.ActiveCfg = Debug|x64
		{76C1DE22-CA1C-4E77-8DD5-19FB58BA0ED1}.Debug|x64.Build.0 = Debug|x64
		{76C1DE22-CA1C-4E77-8DD5-19FB58BA0ED1}.Release|Any CPU.ActiveCfg = Release|Any CPU
		{76C1DE22-CA1C-4E77-8DD5-19FB58BA0ED1}.Release|Any CPU.Build.0 = Release|Any CPU
		{76C1DE22-CA1C-4E77-8DD5-19FB58BA0ED1}.Release|x64.ActiveCfg = Release|x64
		{76C1DE22-CA1C-4E77-8DD5-19FB58BA0ED1}.Release|x64.Build.0 = Release|x64
	EndGlobalSection
	GlobalSection(SolutionProperties) = preSolution
		HideSolutionNode = FALSE
	EndGlobalSection
	GlobalSection(ExtensibilityGlobals) = postSolution
		SolutionGuid = {A4863B3C-CEEE-4588-9ED8-8E4335D52D78}
	EndGlobalSection
EndGlobal
